
Microsoft Visual Studio Solution File, Format Version 12.00
# Visual Studio 15
VisualStudioVersion = 15.0.26124.0
MinimumVisualStudioVersion = 15.0.26124.0
Project("{FAE04EC0-301F-11D3-BF4B-00C04F79EFBC}") = "ApiDapper.Api", "ApiDapper.Api\ApiDapper.Api.csproj", "{C74E2C06-0EE6-42D7-8830-F36EA2E270E8}"
EndProject
Project("{FAE04EC0-301F-11D3-BF4B-00C04F79EFBC}") = "ApiDapper.Domain", "ApiDapper.Domain\ApiDapper.Domain.csproj", "{3C941758-BF80-44AF-963B-8287718B7A03}"
EndProject
Project("{FAE04EC0-301F-11D3-BF4B-00C04F79EFBC}") = "ApiDapper.Infra", "ApiDapper.Infra\ApiDapper.Infra.csproj", "{8DB6176E-6B60-40EA-8EAF-AC0A65ABDD8A}"
EndProject
Project("{FAE04EC0-301F-11D3-BF4B-00C04F79EFBC}") = "ApiDapper.Shared", "ApiDapper.Shared\ApiDapper.Shared.csproj", "{A6BDF8F4-F2EF-45D6-B512-4374FBAF3982}"
EndProject
Project("{FAE04EC0-301F-11D3-BF4B-00C04F79EFBC}") = "ApiDapper.Tests", "ApiDapper.Tests\ApiDapper.Tests.csproj", "{D8749C9A-8236-4744-A3ED-8045D4E9B4DB}"
EndProject
Global
	GlobalSection(SolutionConfigurationPlatforms) = preSolution
		Debug|Any CPU = Debug|Any CPU
		Debug|x64 = Debug|x64
		Debug|x86 = Debug|x86
		Release|Any CPU = Release|Any CPU
		Release|x64 = Release|x64
		Release|x86 = Release|x86
	EndGlobalSection
	GlobalSection(SolutionProperties) = preSolution
		HideSolutionNode = FALSE
	EndGlobalSection
	GlobalSection(ProjectConfigurationPlatforms) = postSolution
		{C74E2C06-0EE6-42D7-8830-F36EA2E270E8}.Debug|Any CPU.ActiveCfg = Debug|Any CPU
		{C74E2C06-0EE6-42D7-8830-F36EA2E270E8}.Debug|Any CPU.Build.0 = Debug|Any CPU
		{C74E2C06-0EE6-42D7-8830-F36EA2E270E8}.Debug|x64.ActiveCfg = Debug|Any CPU
		{C74E2C06-0EE6-42D7-8830-F36EA2E270E8}.Debug|x64.Build.0 = Debug|Any CPU
		{C74E2C06-0EE6-42D7-8830-F36EA2E270E8}.Debug|x86.ActiveCfg = Debug|Any CPU
		{C74E2C06-0EE6-42D7-8830-F36EA2E270E8}.Debug|x86.Build.0 = Debug|Any CPU
		{C74E2C06-0EE6-42D7-8830-F36EA2E270E8}.Release|Any CPU.ActiveCfg = Release|Any CPU
		{C74E2C06-0EE6-42D7-8830-F36EA2E270E8}.Release|Any CPU.Build.0 = Release|Any CPU
		{C74E2C06-0EE6-42D7-8830-F36EA2E270E8}.Release|x64.ActiveCfg = Release|Any CPU
		{C74E2C06-0EE6-42D7-8830-F36EA2E270E8}.Release|x64.Build.0 = Release|Any CPU
		{C74E2C06-0EE6-42D7-8830-F36EA2E270E8}.Release|x86.ActiveCfg = Release|Any CPU
		{C74E2C06-0EE6-42D7-8830-F36EA2E270E8}.Release|x86.Build.0 = Release|Any CPU
		{3C941758-BF80-44AF-963B-8287718B7A03}.Debug|Any CPU.ActiveCfg = Debug|Any CPU
		{3C941758-BF80-44AF-963B-8287718B7A03}.Debug|Any CPU.Build.0 = Debug|Any CPU
		{3C941758-BF80-44AF-963B-8287718B7A03}.Debug|x64.ActiveCfg = Debug|Any CPU
		{3C941758-BF80-44AF-963B-8287718B7A03}.Debug|x64.Build.0 = Debug|Any CPU
		{3C941758-BF80-44AF-963B-8287718B7A03}.Debug|x86.ActiveCfg = Debug|Any CPU
		{3C941758-BF80-44AF-963B-8287718B7A03}.Debug|x86.Build.0 = Debug|Any CPU
		{3C941758-BF80-44AF-963B-8287718B7A03}.Release|Any CPU.ActiveCfg = Release|Any CPU
		{3C941758-BF80-44AF-963B-8287718B7A03}.Release|Any CPU.Build.0 = Release|Any CPU
		{3C941758-BF80-44AF-963B-8287718B7A03}.Release|x64.ActiveCfg = Release|Any CPU
		{3C941758-BF80-44AF-963B-8287718B7A03}.Release|x64.Build.0 = Release|Any CPU
		{3C941758-BF80-44AF-963B-8287718B7A03}.Release|x86.ActiveCfg = Release|Any CPU
		{3C941758-BF80-44AF-963B-8287718B7A03}.Release|x86.Build.0 = Release|Any CPU
		{8DB6176E-6B60-40EA-8EAF-AC0A65ABDD8A}.Debug|Any CPU.ActiveCfg = Debug|Any CPU
		{8DB6176E-6B60-40EA-8EAF-AC0A65ABDD8A}.Debug|Any CPU.Build.0 = Debug|Any CPU
		{8DB6176E-6B60-40EA-8EAF-AC0A65ABDD8A}.Debug|x64.ActiveCfg = Debug|Any CPU
		{8DB6176E-6B60-40EA-8EAF-AC0A65ABDD8A}.Debug|x64.Build.0 = Debug|Any CPU
		{8DB6176E-6B60-40EA-8EAF-AC0A65ABDD8A}.Debug|x86.ActiveCfg = Debug|Any CPU
		{8DB6176E-6B60-40EA-8EAF-AC0A65ABDD8A}.Debug|x86.Build.0 = Debug|Any CPU
		{8DB6176E-6B60-40EA-8EAF-AC0A65ABDD8A}.Release|Any CPU.ActiveCfg = Release|Any CPU
		{8DB6176E-6B60-40EA-8EAF-AC0A65ABDD8A}.Release|Any CPU.Build.0 = Release|Any CPU
		{8DB6176E-6B60-40EA-8EAF-AC0A65ABDD8A}.Release|x64.ActiveCfg = Release|Any CPU
		{8DB6176E-6B60-40EA-8EAF-AC0A65ABDD8A}.Release|x64.Build.0 = Release|Any CPU
		{8DB6176E-6B60-40EA-8EAF-AC0A65ABDD8A}.Release|x86.ActiveCfg = Release|Any CPU
		{8DB6176E-6B60-40EA-8EAF-AC0A65ABDD8A}.Release|x86.Build.0 = Release|Any CPU
		{A6BDF8F4-F2EF-45D6-B512-4374FBAF3982}.Debug|Any CPU.ActiveCfg = Debug|Any CPU
		{A6BDF8F4-F2EF-45D6-B512-4374FBAF3982}.Debug|Any CPU.Build.0 = Debug|Any CPU
		{A6BDF8F4-F2EF-45D6-B512-4374FBAF3982}.Debug|x64.ActiveCfg = Debug|Any CPU
		{A6BDF8F4-F2EF-45D6-B512-4374FBAF3982}.Debug|x64.Build.0 = Debug|Any CPU
		{A6BDF8F4-F2EF-45D6-B512-4374FBAF3982}.Debug|x86.ActiveCfg = Debug|Any CPU
		{A6BDF8F4-F2EF-45D6-B512-4374FBAF3982}.Debug|x86.Build.0 = Debug|Any CPU
		{A6BDF8F4-F2EF-45D6-B512-4374FBAF3982}.Release|Any CPU.ActiveCfg = Release|Any CPU
		{A6BDF8F4-F2EF-45D6-B512-4374FBAF3982}.Release|Any CPU.Build.0 = Release|Any CPU
		{A6BDF8F4-F2EF-45D6-B512-4374FBAF3982}.Release|x64.ActiveCfg = Release|Any CPU
		{A6BDF8F4-F2EF-45D6-B512-4374FBAF3982}.Release|x64.Build.0 = Release|Any CPU
		{A6BDF8F4-F2EF-45D6-B512-4374FBAF3982}.Release|x86.ActiveCfg = Release|Any CPU
		{A6BDF8F4-F2EF-45D6-B512-4374FBAF3982}.Release|x86.Build.0 = Release|Any CPU
		{D8749C9A-8236-4744-A3ED-8045D4E9B4DB}.Debug|Any CPU.ActiveCfg = Debug|Any CPU
		{D8749C9A-8236-4744-A3ED-8045D4E9B4DB}.Debug|Any CPU.Build.0 = Debug|Any CPU
		{D8749C9A-8236-4744-A3ED-8045D4E9B4DB}.Debug|x64.ActiveCfg = Debug|Any CPU
		{D8749C9A-8236-4744-A3ED-8045D4E9B4DB}.Debug|x64.Build.0 = Debug|Any CPU
		{D8749C9A-8236-4744-A3ED-8045D4E9B4DB}.Debug|x86.ActiveCfg = Debug|Any CPU
		{D8749C9A-8236-4744-A3ED-8045D4E9B4DB}.Debug|x86.Build.0 = Debug|Any CPU
		{D8749C9A-8236-4744-A3ED-8045D4E9B4DB}.Release|Any CPU.ActiveCfg = Release|Any CPU
		{D8749C9A-8236-4744-A3ED-8045D4E9B4DB}.Release|Any CPU.Build.0 = Release|Any CPU
		{D8749C9A-8236-4744-A3ED-8045D4E9B4DB}.Release|x64.ActiveCfg = Release|Any CPU
		{D8749C9A-8236-4744-A3ED-8045D4E9B4DB}.Release|x64.Build.0 = Release|Any CPU
		{D8749C9A-8236-4744-A3ED-8045D4E9B4DB}.Release|x86.ActiveCfg = Release|Any CPU
		{D8749C9A-8236-4744-A3ED-8045D4E9B4DB}.Release|x86.Build.0 = Release|Any CPU
	EndGlobalSection
EndGlobal
